
Microsoft Visual Studio Solution File, Format Version 12.00
# Visual Studio Version 17
VisualStudioVersion = 17.14.36616.10
MinimumVisualStudioVersion = 10.0.40219.1
Project("{FAE04EC0-301F-11D3-BF4B-00C04F79EFBC}") = "ECommerce.API", "E-Commerce _API\ECommerce.API.csproj", "{215628B5-FB5F-40C3-A636-F9F3CBEAA57C}"
EndProject
Global
	GlobalSection(SolutionConfigurationPlatforms) = preSolution
		Debug|Any CPU = Debug|Any CPU
		Release|Any CPU = Release|Any CPU
	EndGlobalSection
	GlobalSection(ProjectConfigurationPlatforms) = postSolution
		{215628B5-FB5F-40C3-A636-F9F3CBEAA57C}.Debug|Any CPU.ActiveCfg = Debug|Any CPU
		{215628B5-FB5F-40C3-A636-F9F3CBEAA57C}.Debug|Any CPU.Build.0 = Debug|Any CPU
		{215628B5-FB5F-40C3-A636-F9F3CBEAA57C}.Release|Any CPU.ActiveCfg = Release|Any CPU
		{215628B5-FB5F-40C3-A636-F9F3CBEAA57C}.Release|Any CPU.Build.0 = Release|Any CPU
	EndGlobalSection
	GlobalSection(SolutionProperties) = preSolution
		HideSolutionNode = FALSE
	EndGlobalSection
	GlobalSection(ExtensibilityGlobals) = postSolution
		SolutionGuid = {A65C92A7-FCC9-42A7-B138-0F3B58169D75}
	EndGlobalSection
EndGlobal
